
Microsoft Visual Studio Solution File, Format Version 12.00
# Visual Studio Version 16
VisualStudioVersion = 16.0.28407.52
MinimumVisualStudioVersion = 10.0.40219.1
Project("{9A19103F-16F7-4668-BE54-9A1E7A4F7556}") = "Packet", "Packet\Packet.csproj", "{540AFED8-390E-49D7-9F54-10A8A8CB8F4A}"
EndProject
Project("{9A19103F-16F7-4668-BE54-9A1E7A4F7556}") = "Packet.Sample", "Packet.Sample\Packet.Sample.csproj", "{2C2985ED-67CD-4C0F-916E-032D64321FC7}"
EndProject
Project("{9A19103F-16F7-4668-BE54-9A1E7A4F7556}") = "Packet.Tests", "Packet.Tests\Packet.Tests.csproj", "{7EF5E8CB-863B-40A2-90C6-9AE252A59647}"
EndProject
Global
	GlobalSection(SolutionConfigurationPlatforms) = preSolution
		Debug|Any CPU = Debug|Any CPU
		Release|Any CPU = Release|Any CPU
	EndGlobalSection
	GlobalSection(ProjectConfigurationPlatforms) = postSolution
		{540AFED8-390E-49D7-9F54-10A8A8CB8F4A}.Debug|Any CPU.ActiveCfg = Debug|Any CPU
		{540AFED8-390E-49D7-9F54-10A8A8CB8F4A}.Debug|Any CPU.Build.0 = Debug|Any CPU
		{540AFED8-390E-49D7-9F54-10A8A8CB8F4A}.Release|Any CPU.ActiveCfg = Release|Any CPU
		{540AFED8-390E-49D7-9F54-10A8A8CB8F4A}.Release|Any CPU.Build.0 = Release|Any CPU
		{2C2985ED-67CD-4C0F-916E-032D64321FC7}.Debug|Any CPU.ActiveCfg = Debug|Any CPU
		{2C2985ED-67CD-4C0F-916E-032D64321FC7}.Debug|Any CPU.Build.0 = Debug|Any CPU
		{2C2985ED-67CD-4C0F-916E-032D64321FC7}.Release|Any CPU.ActiveCfg = Release|Any CPU
		{2C2985ED-67CD-4C0F-916E-032D64321FC7}.Release|Any CPU.Build.0 = Release|Any CPU
		{7EF5E8CB-863B-40A2-90C6-9AE252A59647}.Debug|Any CPU.ActiveCfg = Debug|Any CPU
		{7EF5E8CB-863B-40A2-90C6-9AE252A59647}.Debug|Any CPU.Build.0 = Debug|Any CPU
		{7EF5E8CB-863B-40A2-90C6-9AE252A59647}.Release|Any CPU.ActiveCfg = Release|Any CPU
		{7EF5E8CB-863B-40A2-90C6-9AE252A59647}.Release|Any CPU.Build.0 = Release|Any CPU
	EndGlobalSection
	GlobalSection(SolutionProperties) = preSolution
		HideSolutionNode = FALSE
	EndGlobalSection
	GlobalSection(ExtensibilityGlobals) = postSolution
		SolutionGuid = {7F747401-9DCA-4A07-8B7F-92971235EC89}
	EndGlobalSection
EndGlobal
